// !$*UTF8*$!
{
	archiveVersion = 1;
	classes = {
	};
	objectVersion = 55;
	objects = {

/* Begin PBXBuildFile section */
		E031405B28BBA87200CA2DD5 /* AppDelegate.swift in Sources */ = {isa = PBXBuildFile; fileRef = E031405A28BBA87200CA2DD5 /* AppDelegate.swift */; };
		E031405D28BBA87200CA2DD5 /* SceneDelegate.swift in Sources */ = {isa = PBXBuildFile; fileRef = E031405C28BBA87200CA2DD5 /* SceneDelegate.swift */; };
		E031406228BBA87200CA2DD5 /* Main.storyboard in Resources */ = {isa = PBXBuildFile; fileRef = E031406028BBA87200CA2DD5 /* Main.storyboard */; };
		E031406428BBA87200CA2DD5 /* Assets.xcassets in Resources */ = {isa = PBXBuildFile; fileRef = E031406328BBA87200CA2DD5 /* Assets.xcassets */; };
		E031406728BBA87200CA2DD5 /* LaunchScreen.storyboard in Resources */ = {isa = PBXBuildFile; fileRef = E031406528BBA87200CA2DD5 /* LaunchScreen.storyboard */; };
		E0383C2728BBB07D00EE4679 /* BaseViewController.swift in Sources */ = {isa = PBXBuildFile; fileRef = E0383C2628BBB07D00EE4679 /* BaseViewController.swift */; };
		E0383C2928BBB09600EE4679 /* ViewModel.swift in Sources */ = {isa = PBXBuildFile; fileRef = E0383C2828BBB09600EE4679 /* ViewModel.swift */; };
		E0383C2B28BBB0B200EE4679 /* ViewModelled.swift in Sources */ = {isa = PBXBuildFile; fileRef = E0383C2A28BBB0B200EE4679 /* ViewModelled.swift */; };
		E0383C2D28BBB0C800EE4679 /* ErrorHandler.swift in Sources */ = {isa = PBXBuildFile; fileRef = E0383C2C28BBB0C800EE4679 /* ErrorHandler.swift */; };
		E0383C2F28BBB0EF00EE4679 /* String+Ext.swift in Sources */ = {isa = PBXBuildFile; fileRef = E0383C2E28BBB0EF00EE4679 /* String+Ext.swift */; };
		E0383C3228BBB11600EE4679 /* DataFetchManager.swift in Sources */ = {isa = PBXBuildFile; fileRef = E0383C3128BBB11600EE4679 /* DataFetchManager.swift */; };
		E0383C3428BBB12E00EE4679 /* DownloadManagerServicing.swift in Sources */ = {isa = PBXBuildFile; fileRef = E0383C3328BBB12E00EE4679 /* DownloadManagerServicing.swift */; };
		E0383C3628BBB14100EE4679 /* Routing.swift in Sources */ = {isa = PBXBuildFile; fileRef = E0383C3528BBB14100EE4679 /* Routing.swift */; };
		E0383C3828BBB15900EE4679 /* URLSessionManager.swift in Sources */ = {isa = PBXBuildFile; fileRef = E0383C3728BBB15900EE4679 /* URLSessionManager.swift */; };
		E0383C3A28BBB17600EE4679 /* ViewControllerProvider.swift in Sources */ = {isa = PBXBuildFile; fileRef = E0383C3928BBB17600EE4679 /* ViewControllerProvider.swift */; };
		E0383C3F28BBB1D600EE4679 /* CountryListParameter.swift in Sources */ = {isa = PBXBuildFile; fileRef = E0383C3E28BBB1D600EE4679 /* CountryListParameter.swift */; };
		E0383C4128BBB1EC00EE4679 /* CountryParameter.swift in Sources */ = {isa = PBXBuildFile; fileRef = E0383C4028BBB1EC00EE4679 /* CountryParameter.swift */; };
		E0383C4328BBB20700EE4679 /* CountryWebService.swift in Sources */ = {isa = PBXBuildFile; fileRef = E0383C4228BBB20700EE4679 /* CountryWebService.swift */; };
		E0383C4628BBB23C00EE4679 /* Country.swift in Sources */ = {isa = PBXBuildFile; fileRef = E0383C4528BBB23C00EE4679 /* Country.swift */; };
		E0383C4928BBB26300EE4679 /* CountryListViewModel.swift in Sources */ = {isa = PBXBuildFile; fileRef = E0383C4828BBB26300EE4679 /* CountryListViewModel.swift */; };
		E0383C4B28BBB27E00EE4679 /* CountryViewModel.swift in Sources */ = {isa = PBXBuildFile; fileRef = E0383C4A28BBB27E00EE4679 /* CountryViewModel.swift */; };
		E0383C4E28BBB2B200EE4679 /* CountryCell.swift in Sources */ = {isa = PBXBuildFile; fileRef = E0383C4D28BBB2B200EE4679 /* CountryCell.swift */; };
		E0383C5028BBB2DF00EE4679 /* CountryCell.xib in Resources */ = {isa = PBXBuildFile; fileRef = E0383C4F28BBB2DF00EE4679 /* CountryCell.xib */; };
		E0383C5428BBB2EF00EE4679 /* CountryDetailViewController.storyboard in Resources */ = {isa = PBXBuildFile; fileRef = E0383C5128BBB2EF00EE4679 /* CountryDetailViewController.storyboard */; };
		E0383C5528BBB2EF00EE4679 /* CountryListViewController.swift in Sources */ = {isa = PBXBuildFile; fileRef = E0383C5228BBB2EF00EE4679 /* CountryListViewController.swift */; };
		E0383C5628BBB2EF00EE4679 /* CountryDetailViewController.swift in Sources */ = {isa = PBXBuildFile; fileRef = E0383C5328BBB2EF00EE4679 /* CountryDetailViewController.swift */; };
		E0383C5828BBB31500EE4679 /* CountryPresentationModel.swift in Sources */ = {isa = PBXBuildFile; fileRef = E0383C5728BBB31500EE4679 /* CountryPresentationModel.swift */; };
/* End PBXBuildFile section */

/* Begin PBXFileReference section */
		E031405728BBA87200CA2DD5 /* ListDetailSample.app */ = {isa = PBXFileReference; explicitFileType = wrapper.application; includeInIndex = 0; path = ListDetailSample.app; sourceTree = BUILT_PRODUCTS_DIR; };
		E031405A28BBA87200CA2DD5 /* AppDelegate.swift */ = {isa = PBXFileReference; lastKnownFileType = sourcecode.swift; path = AppDelegate.swift; sourceTree = "<group>"; };
		E031405C28BBA87200CA2DD5 /* SceneDelegate.swift */ = {isa = PBXFileReference; lastKnownFileType = sourcecode.swift; path = SceneDelegate.swift; sourceTree = "<group>"; };
		E031406128BBA87200CA2DD5 /* Base */ = {isa = PBXFileReference; lastKnownFileType = file.storyboard; name = Base; path = Base.lproj/Main.storyboard; sourceTree = "<group>"; };
		E031406328BBA87200CA2DD5 /* Assets.xcassets */ = {isa = PBXFileReference; lastKnownFileType = folder.assetcatalog; path = Assets.xcassets; sourceTree = "<group>"; };
		E031406628BBA87200CA2DD5 /* Base */ = {isa = PBXFileReference; lastKnownFileType = file.storyboard; name = Base; path = Base.lproj/LaunchScreen.storyboard; sourceTree = "<group>"; };
		E031406828BBA87200CA2DD5 /* Info.plist */ = {isa = PBXFileReference; lastKnownFileType = text.plist.xml; path = Info.plist; sourceTree = "<group>"; };
		E0383C2628BBB07D00EE4679 /* BaseViewController.swift */ = {isa = PBXFileReference; lastKnownFileType = sourcecode.swift; path = BaseViewController.swift; sourceTree = "<group>"; };
		E0383C2828BBB09600EE4679 /* ViewModel.swift */ = {isa = PBXFileReference; lastKnownFileType = sourcecode.swift; path = ViewModel.swift; sourceTree = "<group>"; };
		E0383C2A28BBB0B200EE4679 /* ViewModelled.swift */ = {isa = PBXFileReference; lastKnownFileType = sourcecode.swift; path = ViewModelled.swift; sourceTree = "<group>"; };
		E0383C2C28BBB0C800EE4679 /* ErrorHandler.swift */ = {isa = PBXFileReference; lastKnownFileType = sourcecode.swift; path = ErrorHandler.swift; sourceTree = "<group>"; };
		E0383C2E28BBB0EF00EE4679 /* String+Ext.swift */ = {isa = PBXFileReference; lastKnownFileType = sourcecode.swift; path = "String+Ext.swift"; sourceTree = "<group>"; };
		E0383C3128BBB11600EE4679 /* DataFetchManager.swift */ = {isa = PBXFileReference; lastKnownFileType = sourcecode.swift; path = DataFetchManager.swift; sourceTree = "<group>"; };
		E0383C3328BBB12E00EE4679 /* DownloadManagerServicing.swift */ = {isa = PBXFileReference; lastKnownFileType = sourcecode.swift; path = DownloadManagerServicing.swift; sourceTree = "<group>"; };
		E0383C3528BBB14100EE4679 /* Routing.swift */ = {isa = PBXFileReference; lastKnownFileType = sourcecode.swift; path = Routing.swift; sourceTree = "<group>"; };
		E0383C3728BBB15900EE4679 /* URLSessionManager.swift */ = {isa = PBXFileReference; lastKnownFileType = sourcecode.swift; path = URLSessionManager.swift; sourceTree = "<group>"; };
		E0383C3928BBB17600EE4679 /* ViewControllerProvider.swift */ = {isa = PBXFileReference; lastKnownFileType = sourcecode.swift; path = ViewControllerProvider.swift; sourceTree = "<group>"; };
		E0383C3E28BBB1D600EE4679 /* CountryListParameter.swift */ = {isa = PBXFileReference; lastKnownFileType = sourcecode.swift; path = CountryListParameter.swift; sourceTree = "<group>"; };
		E0383C4028BBB1EC00EE4679 /* CountryParameter.swift */ = {isa = PBXFileReference; lastKnownFileType = sourcecode.swift; path = CountryParameter.swift; sourceTree = "<group>"; };
		E0383C4228BBB20700EE4679 /* CountryWebService.swift */ = {isa = PBXFileReference; lastKnownFileType = sourcecode.swift; path = CountryWebService.swift; sourceTree = "<group>"; };
		E0383C4528BBB23C00EE4679 /* Country.swift */ = {isa = PBXFileReference; lastKnownFileType = sourcecode.swift; path = Country.swift; sourceTree = "<group>"; };
		E0383C4828BBB26300EE4679 /* CountryListViewModel.swift */ = {isa = PBXFileReference; lastKnownFileType = sourcecode.swift; path = CountryListViewModel.swift; sourceTree = "<group>"; };
		E0383C4A28BBB27E00EE4679 /* CountryViewModel.swift */ = {isa = PBXFileReference; lastKnownFileType = sourcecode.swift; path = CountryViewModel.swift; sourceTree = "<group>"; };
		E0383C4D28BBB2B200EE4679 /* CountryCell.swift */ = {isa = PBXFileReference; lastKnownFileType = sourcecode.swift; path = CountryCell.swift; sourceTree = "<group>"; };
		E0383C4F28BBB2DF00EE4679 /* CountryCell.xib */ = {isa = PBXFileReference; fileEncoding = 4; lastKnownFileType = file.xib; path = CountryCell.xib; sourceTree = "<group>"; };
		E0383C5128BBB2EF00EE4679 /* CountryDetailViewController.storyboard */ = {isa = PBXFileReference; fileEncoding = 4; lastKnownFileType = file.storyboard; path = CountryDetailViewController.storyboard; sourceTree = "<group>"; };
		E0383C5228BBB2EF00EE4679 /* CountryListViewController.swift */ = {isa = PBXFileReference; fileEncoding = 4; lastKnownFileType = sourcecode.swift; path = CountryListViewController.swift; sourceTree = "<group>"; };
		E0383C5328BBB2EF00EE4679 /* CountryDetailViewController.swift */ = {isa = PBXFileReference; fileEncoding = 4; lastKnownFileType = sourcecode.swift; path = CountryDetailViewController.swift; sourceTree = "<group>"; };
		E0383C5728BBB31500EE4679 /* CountryPresentationModel.swift */ = {isa = PBXFileReference; lastKnownFileType = sourcecode.swift; path = CountryPresentationModel.swift; sourceTree = "<group>"; };
/* End PBXFileReference section */

/* Begin PBXFrameworksBuildPhase section */
		E031405428BBA87200CA2DD5 /* Frameworks */ = {
			isa = PBXFrameworksBuildPhase;
			buildActionMask = 2147483647;
			files = (
			);
			runOnlyForDeploymentPostprocessing = 0;
		};
/* End PBXFrameworksBuildPhase section */

/* Begin PBXGroup section */
		E031404E28BBA87200CA2DD5 = {
			isa = PBXGroup;
			children = (
				E031405928BBA87200CA2DD5 /* ListDetailSample */,
				E031405828BBA87200CA2DD5 /* Products */,
			);
			sourceTree = "<group>";
		};
		E031405828BBA87200CA2DD5 /* Products */ = {
			isa = PBXGroup;
			children = (
				E031405728BBA87200CA2DD5 /* ListDetailSample.app */,
			);
			name = Products;
			sourceTree = "<group>";
		};
		E031405928BBA87200CA2DD5 /* ListDetailSample */ = {
			isa = PBXGroup;
			children = (
				E0383C3B28BBB18F00EE4679 /* Features */,
				E0383C2428BBB03900EE4679 /* Core */,
				E031405A28BBA87200CA2DD5 /* AppDelegate.swift */,
				E031405C28BBA87200CA2DD5 /* SceneDelegate.swift */,
				E031406028BBA87200CA2DD5 /* Main.storyboard */,
				E031406328BBA87200CA2DD5 /* Assets.xcassets */,
				E031406528BBA87200CA2DD5 /* LaunchScreen.storyboard */,
				E031406828BBA87200CA2DD5 /* Info.plist */,
			);
			path = ListDetailSample;
			sourceTree = "<group>";
		};
		E0383C2428BBB03900EE4679 /* Core */ = {
			isa = PBXGroup;
			children = (
				E0383C3028BBB10100EE4679 /* Networking */,
				E0383C2528BBB06C00EE4679 /* Base */,
				E0383C3928BBB17600EE4679 /* ViewControllerProvider.swift */,
			);
			path = Core;
			sourceTree = "<group>";
		};
		E0383C2528BBB06C00EE4679 /* Base */ = {
			isa = PBXGroup;
			children = (
				E0383C2628BBB07D00EE4679 /* BaseViewController.swift */,
				E0383C2828BBB09600EE4679 /* ViewModel.swift */,
				E0383C2A28BBB0B200EE4679 /* ViewModelled.swift */,
				E0383C2C28BBB0C800EE4679 /* ErrorHandler.swift */,
				E0383C2E28BBB0EF00EE4679 /* String+Ext.swift */,
			);
			path = Base;
			sourceTree = "<group>";
		};
		E0383C3028BBB10100EE4679 /* Networking */ = {
			isa = PBXGroup;
			children = (
				E0383C3128BBB11600EE4679 /* DataFetchManager.swift */,
				E0383C3328BBB12E00EE4679 /* DownloadManagerServicing.swift */,
				E0383C3528BBB14100EE4679 /* Routing.swift */,
				E0383C3728BBB15900EE4679 /* URLSessionManager.swift */,
			);
			path = Networking;
			sourceTree = "<group>";
		};
		E0383C3B28BBB18F00EE4679 /* Features */ = {
			isa = PBXGroup;
			children = (
				E0383C3C28BBB19A00EE4679 /* CountryAndList */,
			);
			path = Features;
			sourceTree = "<group>";
		};
		E0383C3C28BBB19A00EE4679 /* CountryAndList */ = {
			isa = PBXGroup;
			children = (
				E0383C4C28BBB29E00EE4679 /* View */,
				E0383C4728BBB24E00EE4679 /* ViewModel */,
				E0383C4428BBB22900EE4679 /* Model */,
				E0383C3D28BBB1BE00EE4679 /* CountryWebService */,
			);
			path = CountryAndList;
			sourceTree = "<group>";
		};
		E0383C3D28BBB1BE00EE4679 /* CountryWebService */ = {
			isa = PBXGroup;
			children = (
				E0383C3E28BBB1D600EE4679 /* CountryListParameter.swift */,
				E0383C4028BBB1EC00EE4679 /* CountryParameter.swift */,
				E0383C4228BBB20700EE4679 /* CountryWebService.swift */,
			);
			path = CountryWebService;
			sourceTree = "<group>";
		};
		E0383C4428BBB22900EE4679 /* Model */ = {
			isa = PBXGroup;
			children = (
				E0383C4528BBB23C00EE4679 /* Country.swift */,
				E0383C5728BBB31500EE4679 /* CountryPresentationModel.swift */,
			);
			path = Model;
			sourceTree = "<group>";
		};
		E0383C4728BBB24E00EE4679 /* ViewModel */ = {
			isa = PBXGroup;
			children = (
				E0383C4828BBB26300EE4679 /* CountryListViewModel.swift */,
				E0383C4A28BBB27E00EE4679 /* CountryViewModel.swift */,
			);
			path = ViewModel;
			sourceTree = "<group>";
		};
		E0383C4C28BBB29E00EE4679 /* View */ = {
			isa = PBXGroup;
			children = (
				E0383C5128BBB2EF00EE4679 /* CountryDetailViewController.storyboard */,
				E0383C5328BBB2EF00EE4679 /* CountryDetailViewController.swift */,
				E0383C5228BBB2EF00EE4679 /* CountryListViewController.swift */,
				E0383C4F28BBB2DF00EE4679 /* CountryCell.xib */,
				E0383C4D28BBB2B200EE4679 /* CountryCell.swift */,
			);
			path = View;
			sourceTree = "<group>";
		};
/* End PBXGroup section */

/* Begin PBXNativeTarget section */
		E031405628BBA87200CA2DD5 /* ListDetailSample */ = {
			isa = PBXNativeTarget;
			buildConfigurationList = E031406B28BBA87200CA2DD5 /* Build configuration list for PBXNativeTarget "ListDetailSample" */;
			buildPhases = (
				E031405328BBA87200CA2DD5 /* Sources */,
				E031405428BBA87200CA2DD5 /* Frameworks */,
				E031405528BBA87200CA2DD5 /* Resources */,
			);
			buildRules = (
			);
			dependencies = (
			);
			name = ListDetailSample;
			productName = ListDetailSample;
			productReference = E031405728BBA87200CA2DD5 /* ListDetailSample.app */;
			productType = "com.apple.product-type.application";
		};
/* End PBXNativeTarget section */

/* Begin PBXProject section */
		E031404F28BBA87200CA2DD5 /* Project object */ = {
			isa = PBXProject;
			attributes = {
				BuildIndependentTargetsInParallel = 1;
				LastSwiftUpdateCheck = 1340;
				LastUpgradeCheck = 1340;
				TargetAttributes = {
					E031405628BBA87200CA2DD5 = {
						CreatedOnToolsVersion = 13.4.1;
					};
				};
			};
			buildConfigurationList = E031405228BBA87200CA2DD5 /* Build configuration list for PBXProject "ListDetailSample" */;
			compatibilityVersion = "Xcode 13.0";
			developmentRegion = en;
			hasScannedForEncodings = 0;
			knownRegions = (
				en,
				Base,
			);
			mainGroup = E031404E28BBA87200CA2DD5;
			productRefGroup = E031405828BBA87200CA2DD5 /* Products */;
			projectDirPath = "";
			projectRoot = "";
			targets = (
				E031405628BBA87200CA2DD5 /* ListDetailSample */,
			);
		};
/* End PBXProject section */

/* Begin PBXResourcesBuildPhase section */
		E031405528BBA87200CA2DD5 /* Resources */ = {
			isa = PBXResourcesBuildPhase;
			buildActionMask = 2147483647;
			files = (
				E0383C5028BBB2DF00EE4679 /* CountryCell.xib in Resources */,
				E031406728BBA87200CA2DD5 /* LaunchScreen.storyboard in Resources */,
				E031406428BBA87200CA2DD5 /* Assets.xcassets in Resources */,
				E031406228BBA87200CA2DD5 /* Main.storyboard in Resources */,
				E0383C5428BBB2EF00EE4679 /* CountryDetailViewController.storyboard in Resources */,
			);
			runOnlyForDeploymentPostprocessing = 0;
		};
/* End PBXResourcesBuildPhase section */

/* Begin PBXSourcesBuildPhase section */
		E031405328BBA87200CA2DD5 /* Sources */ = {
			isa = PBXSourcesBuildPhase;
			buildActionMask = 2147483647;
			files = (
				E0383C3628BBB14100EE4679 /* Routing.swift in Sources */,
				E0383C5528BBB2EF00EE4679 /* CountryListViewController.swift in Sources */,
				E0383C5828BBB31500EE4679 /* CountryPresentationModel.swift in Sources */,
				E0383C4328BBB20700EE4679 /* CountryWebService.swift in Sources */,
				E0383C5628BBB2EF00EE4679 /* CountryDetailViewController.swift in Sources */,
				E0383C3228BBB11600EE4679 /* DataFetchManager.swift in Sources */,
				E0383C4B28BBB27E00EE4679 /* CountryViewModel.swift in Sources */,
				E031405B28BBA87200CA2DD5 /* AppDelegate.swift in Sources */,
				E0383C2F28BBB0EF00EE4679 /* String+Ext.swift in Sources */,
				E031405D28BBA87200CA2DD5 /* SceneDelegate.swift in Sources */,
				E0383C3828BBB15900EE4679 /* URLSessionManager.swift in Sources */,
				E0383C2928BBB09600EE4679 /* ViewModel.swift in Sources */,
				E0383C3428BBB12E00EE4679 /* DownloadManagerServicing.swift in Sources */,
				E0383C2D28BBB0C800EE4679 /* ErrorHandler.swift in Sources */,
				E0383C4E28BBB2B200EE4679 /* CountryCell.swift in Sources */,
				E0383C3F28BBB1D600EE4679 /* CountryListParameter.swift in Sources */,
				E0383C3A28BBB17600EE4679 /* ViewControllerProvider.swift in Sources */,
				E0383C4628BBB23C00EE4679 /* Country.swift in Sources */,
				E0383C2728BBB07D00EE4679 /* BaseViewController.swift in Sources */,
				E0383C4128BBB1EC00EE4679 /* CountryParameter.swift in Sources */,
				E0383C2B28BBB0B200EE4679 /* ViewModelled.swift in Sources */,
				E0383C4928BBB26300EE4679 /* CountryListViewModel.swift in Sources */,
			);
			runOnlyForDeploymentPostprocessing = 0;
		};
/* End PBXSourcesBuildPhase section */

/* Begin PBXVariantGroup section */
		E031406028BBA87200CA2DD5 /* Main.storyboard */ = {
			isa = PBXVariantGroup;
			children = (
				E031406128BBA87200CA2DD5 /* Base */,
			);
			name = Main.storyboard;
			sourceTree = "<group>";
		};
		E031406528BBA87200CA2DD5 /* LaunchScreen.storyboard */ = {
			isa = PBXVariantGroup;
			children = (
				E031406628BBA87200CA2DD5 /* Base */,
			);
			name = LaunchScreen.storyboard;
			sourceTree = "<group>";
		};
/* End PBXVariantGroup section */

/* Begin XCBuildConfiguration section */
		E031406928BBA87200CA2DD5 /* Debug */ = {
			isa = XCBuildConfiguration;
			buildSettings = {
				ALWAYS_SEARCH_USER_PATHS = NO;
				CLANG_ANALYZER_NONNULL = YES;
				CLANG_ANALYZER_NUMBER_OBJECT_CONVERSION = YES_AGGRESSIVE;
				CLANG_CXX_LANGUAGE_STANDARD = "gnu++17";
				CLANG_ENABLE_MODULES = YES;
				CLANG_ENABLE_OBJC_ARC = YES;
				CLANG_ENABLE_OBJC_WEAK = YES;
				CLANG_WARN_BLOCK_CAPTURE_AUTORELEASING = YES;
				CLANG_WARN_BOOL_CONVERSION = YES;
				CLANG_WARN_COMMA = YES;
				CLANG_WARN_CONSTANT_CONVERSION = YES;
				CLANG_WARN_DEPRECATED_OBJC_IMPLEMENTATIONS = YES;
				CLANG_WARN_DIRECT_OBJC_ISA_USAGE = YES_ERROR;
				CLANG_WARN_DOCUMENTATION_COMMENTS = YES;
				CLANG_WARN_EMPTY_BODY = YES;
				CLANG_WARN_ENUM_CONVERSION = YES;
				CLANG_WARN_INFINITE_RECURSION = YES;
				CLANG_WARN_INT_CONVERSION = YES;
				CLANG_WARN_NON_LITERAL_NULL_CONVERSION = YES;
				CLANG_WARN_OBJC_IMPLICIT_RETAIN_SELF = YES;
				CLANG_WARN_OBJC_LITERAL_CONVERSION = YES;
				CLANG_WARN_OBJC_ROOT_CLASS = YES_ERROR;
				CLANG_WARN_QUOTED_INCLUDE_IN_FRAMEWORK_HEADER = YES;
				CLANG_WARN_RANGE_LOOP_ANALYSIS = YES;
				CLANG_WARN_STRICT_PROTOTYPES = YES;
				CLANG_WARN_SUSPICIOUS_MOVE = YES;
				CLANG_WARN_UNGUARDED_AVAILABILITY = YES_AGGRESSIVE;
				CLANG_WARN_UNREACHABLE_CODE = YES;
				CLANG_WARN__DUPLICATE_METHOD_MATCH = YES;
				COPY_PHASE_STRIP = NO;
				DEBUG_INFORMATION_FORMAT = dwarf;
				ENABLE_STRICT_OBJC_MSGSEND = YES;
				ENABLE_TESTABILITY = YES;
				GCC_C_LANGUAGE_STANDARD = gnu11;
				GCC_DYNAMIC_NO_PIC = NO;
				GCC_NO_COMMON_BLOCKS = YES;
				GCC_OPTIMIZATION_LEVEL = 0;
				GCC_PREPROCESSOR_DEFINITIONS = (
					"DEBUG=1",
					"$(inherited)",
				);
				GCC_WARN_64_TO_32_BIT_CONVERSION = YES;
				GCC_WARN_ABOUT_RETURN_TYPE = YES_ERROR;
				GCC_WARN_UNDECLARED_SELECTOR = YES;
				GCC_WARN_UNINITIALIZED_AUTOS = YES_AGGRESSIVE;
				GCC_WARN_UNUSED_FUNCTION = YES;
				GCC_WARN_UNUSED_VARIABLE = YES;
				IPHONEOS_DEPLOYMENT_TARGET = 15.5;
				MTL_ENABLE_DEBUG_INFO = INCLUDE_SOURCE;
				MTL_FAST_MATH = YES;
				ONLY_ACTIVE_ARCH = YES;
				SDKROOT = iphoneos;
				SWIFT_ACTIVE_COMPILATION_CONDITIONS = DEBUG;
				SWIFT_OPTIMIZATION_LEVEL = "-Onone";
			};
			name = Debug;
		};
		E031406A28BBA87200CA2DD5 /* Release */ = {
			isa = XCBuildConfiguration;
			buildSettings = {
				ALWAYS_SEARCH_USER_PATHS = NO;
				CLANG_ANALYZER_NONNULL = YES;
				CLANG_ANALYZER_NUMBER_OBJECT_CONVERSION = YES_AGGRESSIVE;
				CLANG_CXX_LANGUAGE_STANDARD = "gnu++17";
				CLANG_ENABLE_MODULES = YES;
				CLANG_ENABLE_OBJC_ARC = YES;
				CLANG_ENABLE_OBJC_WEAK = YES;
				CLANG_WARN_BLOCK_CAPTURE_AUTORELEASING = YES;
				CLANG_WARN_BOOL_CONVERSION = YES;
				CLANG_WARN_COMMA = YES;
				CLANG_WARN_CONSTANT_CONVERSION = YES;
				CLANG_WARN_DEPRECATED_OBJC_IMPLEMENTATIONS = YES;
				CLANG_WARN_DIRECT_OBJC_ISA_USAGE = YES_ERROR;
				CLANG_WARN_DOCUMENTATION_COMMENTS = YES;
				CLANG_WARN_EMPTY_BODY = YES;
				CLANG_WARN_ENUM_CONVERSION = YES;
				CLANG_WARN_INFINITE_RECURSION = YES;
				CLANG_WARN_INT_CONVERSION = YES;
				CLANG_WARN_NON_LITERAL_NULL_CONVERSION = YES;
				CLANG_WARN_OBJC_IMPLICIT_RETAIN_SELF = YES;
				CLANG_WARN_OBJC_LITERAL_CONVERSION = YES;
				CLANG_WARN_OBJC_ROOT_CLASS = YES_ERROR;
				CLANG_WARN_QUOTED_INCLUDE_IN_FRAMEWORK_HEADER = YES;
				CLANG_WARN_RANGE_LOOP_ANALYSIS = YES;
				CLANG_WARN_STRICT_PROTOTYPES = YES;
				CLANG_WARN_SUSPICIOUS_MOVE = YES;
				CLANG_WARN_UNGUARDED_AVAILABILITY = YES_AGGRESSIVE;
				CLANG_WARN_UNREACHABLE_CODE = YES;
				CLANG_WARN__DUPLICATE_METHOD_MATCH = YES;
				COPY_PHASE_STRIP = NO;
				DEBUG_INFORMATION_FORMAT = "dwarf-with-dsym";
				ENABLE_NS_ASSERTIONS = NO;
				ENABLE_STRICT_OBJC_MSGSEND = YES;
				GCC_C_LANGUAGE_STANDARD = gnu11;
				GCC_NO_COMMON_BLOCKS = YES;
				GCC_WARN_64_TO_32_BIT_CONVERSION = YES;
				GCC_WARN_ABOUT_RETURN_TYPE = YES_ERROR;
				GCC_WARN_UNDECLARED_SELECTOR = YES;
				GCC_WARN_UNINITIALIZED_AUTOS = YES_AGGRESSIVE;
				GCC_WARN_UNUSED_FUNCTION = YES;
				GCC_WARN_UNUSED_VARIABLE = YES;
				IPHONEOS_DEPLOYMENT_TARGET = 15.5;
				MTL_ENABLE_DEBUG_INFO = NO;
				MTL_FAST_MATH = YES;
				SDKROOT = iphoneos;
				SWIFT_COMPILATION_MODE = wholemodule;
				SWIFT_OPTIMIZATION_LEVEL = "-O";
				VALIDATE_PRODUCT = YES;
			};
			name = Release;
		};
		E031406C28BBA87200CA2DD5 /* Debug */ = {
			isa = XCBuildConfiguration;
			buildSettings = {
				ASSETCATALOG_COMPILER_APPICON_NAME = AppIcon;
				ASSETCATALOG_COMPILER_GLOBAL_ACCENT_COLOR_NAME = AccentColor;
				CODE_SIGN_STYLE = Automatic;
				CURRENT_PROJECT_VERSION = 1;
				DEVELOPMENT_TEAM = 8NT2593AT4;
				GENERATE_INFOPLIST_FILE = YES;
				INFOPLIST_FILE = ListDetailSample/Info.plist;
				INFOPLIST_KEY_UIApplicationSupportsIndirectInputEvents = YES;
				INFOPLIST_KEY_UILaunchStoryboardName = LaunchScreen;
				INFOPLIST_KEY_UIMainStoryboardFile = Main;
				INFOPLIST_KEY_UISupportedInterfaceOrientations_iPad = "UIInterfaceOrientationPortrait UIInterfaceOrientationPortraitUpsideDown UIInterfaceOrientationLandscapeLeft UIInterfaceOrientationLandscapeRight";
				INFOPLIST_KEY_UISupportedInterfaceOrientations_iPhone = "UIInterfaceOrientationPortrait UIInterfaceOrientationLandscapeLeft UIInterfaceOrientationLandscapeRight";
				LD_RUNPATH_SEARCH_PATHS = (
					"$(inherited)",
					"@executable_path/Frameworks",
				);
				MARKETING_VERSION = 1.0;
				PRODUCT_BUNDLE_IDENTIFIER = ah.ListDetailSample;
				PRODUCT_NAME = "$(TARGET_NAME)";
				SWIFT_EMIT_LOC_STRINGS = YES;
				SWIFT_VERSION = 5.0;
				TARGETED_DEVICE_FAMILY = "1,2";
			};
			name = Debug;
		};
		E031406D28BBA87200CA2DD5 /* Release */ = {
			isa = XCBuildConfiguration;
			buildSettings = {
				ASSETCATALOG_COMPILER_APPICON_NAME = AppIcon;
				ASSETCATALOG_COMPILER_GLOBAL_ACCENT_COLOR_NAME = AccentColor;
				CODE_SIGN_STYLE = Automatic;
				CURRENT_PROJECT_VERSION = 1;
				DEVELOPMENT_TEAM = 8NT2593AT4;
				GENERATE_INFOPLIST_FILE = YES;
				INFOPLIST_FILE = ListDetailSample/Info.plist;
				INFOPLIST_KEY_UIApplicationSupportsIndirectInputEvents = YES;
				INFOPLIST_KEY_UILaunchStoryboardName = LaunchScreen;
				INFOPLIST_KEY_UIMainStoryboardFile = Main;
				INFOPLIST_KEY_UISupportedInterfaceOrientations_iPad = "UIInterfaceOrientationPortrait UIInterfaceOrientationPortraitUpsideDown UIInterfaceOrientationLandscapeLeft UIInterfaceOrientationLandscapeRight";
				INFOPLIST_KEY_UISupportedInterfaceOrientations_iPhone = "UIInterfaceOrientationPortrait UIInterfaceOrientationLandscapeLeft UIInterfaceOrientationLandscapeRight";
				LD_RUNPATH_SEARCH_PATHS = (
					"$(inherited)",
					"@executable_path/Frameworks",
				);
				MARKETING_VERSION = 1.0;
				PRODUCT_BUNDLE_IDENTIFIER = ah.ListDetailSample;
				PRODUCT_NAME = "$(TARGET_NAME)";
				SWIFT_EMIT_LOC_STRINGS = YES;
				SWIFT_VERSION = 5.0;
				TARGETED_DEVICE_FAMILY = "1,2";
			};
			name = Release;
		};
/* End XCBuildConfiguration section */

/* Begin XCConfigurationList section */
		E031405228BBA87200CA2DD5 /* Build configuration list for PBXProject "ListDetailSample" */ = {
			isa = XCConfigurationList;
			buildConfigurations = (
				E031406928BBA87200CA2DD5 /* Debug */,
				E031406A28BBA87200CA2DD5 /* Release */,
			);
			defaultConfigurationIsVisible = 0;
			defaultConfigurationName = Release;
		};
		E031406B28BBA87200CA2DD5 /* Build configuration list for PBXNativeTarget "ListDetailSample" */ = {
			isa = XCConfigurationList;
			buildConfigurations = (
				E031406C28BBA87200CA2DD5 /* Debug */,
				E031406D28BBA87200CA2DD5 /* Release */,
			);
			defaultConfigurationIsVisible = 0;
			defaultConfigurationName = Release;
		};
/* End XCConfigurationList section */
	};
	rootObject = E031404F28BBA87200CA2DD5 /* Project object */;
}
